
Microsoft Visual Studio Solution File, Format Version 12.00
# Visual Studio Version 16
VisualStudioVersion = 25.0.1704.0
MinimumVisualStudioVersion = 10.0.40219.1
Project("{FAE04EC0-301F-11D3-BF4B-00C04F79EFBC}") = "sso", "sso\sso.csproj", "{53EABFB8-DBA4-42E0-BE1D-82852ABA62B8}"
EndProject
Global
	GlobalSection(SolutionConfigurationPlatforms) = preSolution
		Debug|Any CPU = Debug|Any CPU
		Release|Any CPU = Release|Any CPU
	EndGlobalSection
	GlobalSection(ProjectConfigurationPlatforms) = postSolution
		{53EABFB8-DBA4-42E0-BE1D-82852ABA62B8}.Debug|Any CPU.ActiveCfg = Debug|Any CPU
		{53EABFB8-DBA4-42E0-BE1D-82852ABA62B8}.Debug|Any CPU.Build.0 = Debug|Any CPU
		{53EABFB8-DBA4-42E0-BE1D-82852ABA62B8}.Release|Any CPU.ActiveCfg = Release|Any CPU
		{53EABFB8-DBA4-42E0-BE1D-82852ABA62B8}.Release|Any CPU.Build.0 = Release|Any CPU
	EndGlobalSection
	GlobalSection(SolutionProperties) = preSolution
		HideSolutionNode = FALSE
	EndGlobalSection
	GlobalSection(ExtensibilityGlobals) = postSolution
		SolutionGuid = {133642A6-01DA-49E2-87CC-4D05B51866B6}
	EndGlobalSection
EndGlobal
